
Microsoft Visual Studio Solution File, Format Version 12.00
# Visual Studio 15
VisualStudioVersion = 15.0.27703.2042
MinimumVisualStudioVersion = 10.0.40219.1
Project("{9A19103F-16F7-4668-BE54-9A1E7A4F7556}") = "MovieNight.Client", "MovieNight.Client\MovieNight.Client.csproj", "{18653A20-B36B-4F79-9CA8-043D29AC24AE}"
EndProject
Project("{FAE04EC0-301F-11D3-BF4B-00C04F79EFBC}") = "Class1", "Class1\Class1.csproj", "{4EB9F687-D3F2-4F59-A618-5B9D0ADA5997}"
EndProject
Project("{9A19103F-16F7-4668-BE54-9A1E7A4F7556}") = "MovieNight.Tests", "MovieNight.Tests\MovieNight.Tests.csproj", "{91E5F88E-4383-4372-A514-E0F2647C7E0C}"
EndProject
Project("{FAE04EC0-301F-11D3-BF4B-00C04F79EFBC}") = "MovieNight.Library", "MovieNight.Library\MovieNight.Library.csproj", "{4BB3CB68-A972-465D-A596-78F61957F0BC}"
EndProject
Global
	GlobalSection(SolutionConfigurationPlatforms) = preSolution
		Debug|Any CPU = Debug|Any CPU
		Release|Any CPU = Release|Any CPU
	EndGlobalSection
	GlobalSection(ProjectConfigurationPlatforms) = postSolution
		{18653A20-B36B-4F79-9CA8-043D29AC24AE}.Debug|Any CPU.ActiveCfg = Debug|Any CPU
		{18653A20-B36B-4F79-9CA8-043D29AC24AE}.Debug|Any CPU.Build.0 = Debug|Any CPU
		{18653A20-B36B-4F79-9CA8-043D29AC24AE}.Release|Any CPU.ActiveCfg = Release|Any CPU
		{18653A20-B36B-4F79-9CA8-043D29AC24AE}.Release|Any CPU.Build.0 = Release|Any CPU
		{4EB9F687-D3F2-4F59-A618-5B9D0ADA5997}.Debug|Any CPU.ActiveCfg = Debug|Any CPU
		{4EB9F687-D3F2-4F59-A618-5B9D0ADA5997}.Debug|Any CPU.Build.0 = Debug|Any CPU
		{4EB9F687-D3F2-4F59-A618-5B9D0ADA5997}.Release|Any CPU.ActiveCfg = Release|Any CPU
		{4EB9F687-D3F2-4F59-A618-5B9D0ADA5997}.Release|Any CPU.Build.0 = Release|Any CPU
		{91E5F88E-4383-4372-A514-E0F2647C7E0C}.Debug|Any CPU.ActiveCfg = Debug|Any CPU
		{91E5F88E-4383-4372-A514-E0F2647C7E0C}.Debug|Any CPU.Build.0 = Debug|Any CPU
		{91E5F88E-4383-4372-A514-E0F2647C7E0C}.Release|Any CPU.ActiveCfg = Release|Any CPU
		{91E5F88E-4383-4372-A514-E0F2647C7E0C}.Release|Any CPU.Build.0 = Release|Any CPU
		{4BB3CB68-A972-465D-A596-78F61957F0BC}.Debug|Any CPU.ActiveCfg = Debug|Any CPU
		{4BB3CB68-A972-465D-A596-78F61957F0BC}.Debug|Any CPU.Build.0 = Debug|Any CPU
		{4BB3CB68-A972-465D-A596-78F61957F0BC}.Release|Any CPU.ActiveCfg = Release|Any CPU
		{4BB3CB68-A972-465D-A596-78F61957F0BC}.Release|Any CPU.Build.0 = Release|Any CPU
	EndGlobalSection
	GlobalSection(SolutionProperties) = preSolution
		HideSolutionNode = FALSE
	EndGlobalSection
	GlobalSection(ExtensibilityGlobals) = postSolution
		SolutionGuid = {9590A830-19EE-44EA-A76B-9714DEC810D8}
	EndGlobalSection
EndGlobal
